{
  "name": "yy-tooltip",
  "version": "1.0.0",
  "lockfileVersion": 1,
  "requires": true,
  "dependencies": {
    "dom-ease": {
      "version": "0.7.4",
      "resolved": "https://registry.npmjs.org/dom-ease/-/dom-ease-0.7.4.tgz",
      "integrity": "sha512-K8TR1+KozgQkEOgh+w8iQYS/DkHp2bIQpIe5M5h7qO1JZdDJEKUPHkC339ayA00+eLvYq0b2075Lw+8JSUQ+sw==",
      "requires": {
        "eventemitter3": "3.0.1",
        "exists": "1.0.1",
        "penner": "0.1.3"
      }
    },
    "eventemitter3": {
      "version": "3.0.1",
      "resolved": "https://registry.npmjs.org/eventemitter3/-/eventemitter3-3.0.1.tgz",
      "integrity": "sha512-QOCPu979MMWX9XNlfRZoin+Wm+bK1SP7vv3NGUniYwuSJK/+cPA10blMaeRgzg31RvoSFk6FsCDVa4vNryBTGA=="
    },
    "exists": {
      "version": "1.0.1",
      "resolved": "https://registry.npmjs.org/exists/-/exists-1.0.1.tgz",
      "integrity": "sha1-/8vuKRQvJAVt8Bkk5zJicz2xC0k="
    },
    "fork-me-github": {
      "version": "1.0.3",
      "resolved": "https://registry.npmjs.org/fork-me-github/-/fork-me-github-1.0.3.tgz",
      "integrity": "sha512-Cuwgeov/RXIGgfdHwC6OA6hJ+4bHe2eFQOreydHvrLSgzsV9+x/+yUV0Rs/ejEoSlhuNMMOLzAJrxng6YbSXPg==",
      "dev": true
    },
    "highlight.js": {
      "version": "9.12.0",
      "resolved": "https://registry.npmjs.org/highlight.js/-/highlight.js-9.12.0.tgz",
      "integrity": "sha1-5tnb5Xy+/mB1HwKvM2GVhwyQwB4=",
      "dev": true
    },
    "penner": {
      "version": "0.1.3",
      "resolved": "https://registry.npmjs.org/penner/-/penner-0.1.3.tgz",
      "integrity": "sha1-C4tILU6bOa8vPXw3WSIpuKzClwU="
    }
  }
}
