# THIS IS AN AUTOGENERATED FILE. DO NOT EDIT THIS FILE DIRECTLY.
# yarn lockfile v1


dom-ease@^0.9.3:
  version "0.9.3"
  resolved "https://registry.yarnpkg.com/dom-ease/-/dom-ease-0.9.3.tgz#016773901a963577ec53b63289974f9b9e84d983"
  integrity sha512-NtmSdoIO1849Nj7wKSbip2u91GMB2Lvwx8UULY+YCC2lknUlvz9wG2gIcuPnovbhAXpHmg/zaH1Z2ZzLJBMIMQ==
  dependencies:
    eventemitter3 "^3.1.0"
    penner "^0.1.3"

eventemitter3@^3.1.0:
  version "3.1.2"
  resolved "https://registry.yarnpkg.com/eventemitter3/-/eventemitter3-3.1.2.tgz#2d3d48f9c346698fce83a85d7d664e98535df6e7"
  integrity sha512-tvtQIeLVHjDkJYnzf2dgVMxfuSGJeM/7UCG17TT4EumTfNtF+0nebF/4zWOIkCreAbtNqhGEboB6BWrwqNaw4Q==

fork-me-github@^1.0.3:
  version "1.2.0"
  resolved "https://registry.yarnpkg.com/fork-me-github/-/fork-me-github-1.2.0.tgz#168634ad7909925329f1142702cd009a2b4de5e0"
  integrity sha512-CvNytGJCD+Dsn31iImCZFwxwmGnImTYiEJz0WR7OzFof4OKBLzc0P/AyvX1CKysZx/Z0WRMlgMDzxl2LrFtaHg==

highlight.js@^10.4.1:
  version "10.4.1"
  resolved "https://registry.yarnpkg.com/highlight.js/-/highlight.js-10.4.1.tgz#d48fbcf4a9971c4361b3f95f302747afe19dbad0"
  integrity sha512-yR5lWvNz7c85OhVAEAeFhVCc/GV4C30Fjzc/rCP0aCWzc1UUOPUk55dK/qdwTZHBvMZo+eZ2jpk62ndX/xMFlg==

penner@^0.1.3:
  version "0.1.3"
  resolved "https://registry.yarnpkg.com/penner/-/penner-0.1.3.tgz#0b8b482d4e9b39af2f3d7c37592229b8acc29705"
  integrity sha1-C4tILU6bOa8vPXw3WSIpuKzClwU=
